
Microsoft Visual Studio Solution File, Format Version 12.00
# Visual Studio Version 17
VisualStudioVersion = 17.14.36414.22
MinimumVisualStudioVersion = 10.0.40219.1
Project("{FAE04EC0-301F-11D3-BF4B-00C04F79EFBC}") = "Core", "Core\Core.csproj", "{BF36BECF-BEF2-4446-9AE2-C0D41862B160}"
EndProject
Project("{FAE04EC0-301F-11D3-BF4B-00C04F79EFBC}") = "LexicalAnalysis", "LexicalAnalysis\LexicalAnalysis.csproj", "{345CA514-F0DC-24E6-48F7-0B7FFCB44A1B}"
EndProject
Project("{FAE04EC0-301F-11D3-BF4B-00C04F79EFBC}") = "SyntaxAnalysis", "SyntaxAnalysis\SyntaxAnalysis.csproj", "{C987C226-C58B-9070-6415-117901873C13}"
EndProject
Project("{FAE04EC0-301F-11D3-BF4B-00C04F79EFBC}") = "SemanticAnalysis", "SemanticAnalysis\SemanticAnalysis.csproj", "{B8CDD42A-4251-AC28-B9EC-328494C09513}"
EndProject
Global
	GlobalSection(SolutionConfigurationPlatforms) = preSolution
		Debug|Any CPU = Debug|Any CPU
		Release|Any CPU = Release|Any CPU
	EndGlobalSection
	GlobalSection(ProjectConfigurationPlatforms) = postSolution
		{BF36BECF-BEF2-4446-9AE2-C0D41862B160}.Debug|Any CPU.ActiveCfg = Debug|Any CPU
		{BF36BECF-BEF2-4446-9AE2-C0D41862B160}.Debug|Any CPU.Build.0 = Debug|Any CPU
		{BF36BECF-BEF2-4446-9AE2-C0D41862B160}.Release|Any CPU.ActiveCfg = Release|Any CPU
		{BF36BECF-BEF2-4446-9AE2-C0D41862B160}.Release|Any CPU.Build.0 = Release|Any CPU
		{345CA514-F0DC-24E6-48F7-0B7FFCB44A1B}.Debug|Any CPU.ActiveCfg = Debug|Any CPU
		{345CA514-F0DC-24E6-48F7-0B7FFCB44A1B}.Debug|Any CPU.Build.0 = Debug|Any CPU
		{345CA514-F0DC-24E6-48F7-0B7FFCB44A1B}.Release|Any CPU.ActiveCfg = Release|Any CPU
		{345CA514-F0DC-24E6-48F7-0B7FFCB44A1B}.Release|Any CPU.Build.0 = Release|Any CPU
		{C987C226-C58B-9070-6415-117901873C13}.Debug|Any CPU.ActiveCfg = Debug|Any CPU
		{C987C226-C58B-9070-6415-117901873C13}.Debug|Any CPU.Build.0 = Debug|Any CPU
		{C987C226-C58B-9070-6415-117901873C13}.Release|Any CPU.ActiveCfg = Release|Any CPU
		{C987C226-C58B-9070-6415-117901873C13}.Release|Any CPU.Build.0 = Release|Any CPU
		{B8CDD42A-4251-AC28-B9EC-328494C09513}.Debug|Any CPU.ActiveCfg = Debug|Any CPU
		{B8CDD42A-4251-AC28-B9EC-328494C09513}.Debug|Any CPU.Build.0 = Debug|Any CPU
		{B8CDD42A-4251-AC28-B9EC-328494C09513}.Release|Any CPU.ActiveCfg = Release|Any CPU
		{B8CDD42A-4251-AC28-B9EC-328494C09513}.Release|Any CPU.Build.0 = Release|Any CPU
	EndGlobalSection
	GlobalSection(SolutionProperties) = preSolution
		HideSolutionNode = FALSE
	EndGlobalSection
	GlobalSection(ExtensibilityGlobals) = postSolution
		SolutionGuid = {068AAE1C-4C83-4A3C-9A7D-6E1671116C9D}
	EndGlobalSection
EndGlobal
